
Microsoft Visual Studio Solution File, Format Version 12.00
# Visual Studio Version 16
VisualStudioVersion = 16.0.30621.155
MinimumVisualStudioVersion = 10.0.40219.1
Project("{FAE04EC0-301F-11D3-BF4B-00C04F79EFBC}") = "Game_Life", "Game_Life\Game_Life.csproj", "{C053DE3E-515C-4A97-9E5F-9E8858A0BCE6}"
EndProject
Global
	GlobalSection(SolutionConfigurationPlatforms) = preSolution
		Debug|Any CPU = Debug|Any CPU
		Release|Any CPU = Release|Any CPU
	EndGlobalSection
	GlobalSection(ProjectConfigurationPlatforms) = postSolution
		{C053DE3E-515C-4A97-9E5F-9E8858A0BCE6}.Debug|Any CPU.ActiveCfg = Debug|Any CPU
		{C053DE3E-515C-4A97-9E5F-9E8858A0BCE6}.Debug|Any CPU.Build.0 = Debug|Any CPU
		{C053DE3E-515C-4A97-9E5F-9E8858A0BCE6}.Release|Any CPU.ActiveCfg = Release|Any CPU
		{C053DE3E-515C-4A97-9E5F-9E8858A0BCE6}.Release|Any CPU.Build.0 = Release|Any CPU
	EndGlobalSection
	GlobalSection(SolutionProperties) = preSolution
		HideSolutionNode = FALSE
	EndGlobalSection
	GlobalSection(ExtensibilityGlobals) = postSolution
		SolutionGuid = {91E9133D-9294-4049-A416-C57ADA07734F}
	EndGlobalSection
EndGlobal
